
Microsoft Visual Studio Solution File, Format Version 12.00
# Visual Studio Version 17
VisualStudioVersion = 17.13.35825.156 d17.13
MinimumVisualStudioVersion = 10.0.40219.1
Project("{FAE04EC0-301F-11D3-BF4B-00C04F79EFBC}") = "MVVM", "MVVM\MVVM.csproj", "{27CE00FF-567F-4BB7-9CA1-92F73F8E956F}"
EndProject
Global
	GlobalSection(SolutionConfigurationPlatforms) = preSolution
		Debug|Any CPU = Debug|Any CPU
		Release|Any CPU = Release|Any CPU
	EndGlobalSection
	GlobalSection(ProjectConfigurationPlatforms) = postSolution
		{27CE00FF-567F-4BB7-9CA1-92F73F8E956F}.Debug|Any CPU.ActiveCfg = Debug|Any CPU
		{27CE00FF-567F-4BB7-9CA1-92F73F8E956F}.Debug|Any CPU.Build.0 = Debug|Any CPU
		{27CE00FF-567F-4BB7-9CA1-92F73F8E956F}.Release|Any CPU.ActiveCfg = Release|Any CPU
		{27CE00FF-567F-4BB7-9CA1-92F73F8E956F}.Release|Any CPU.Build.0 = Release|Any CPU
	EndGlobalSection
	GlobalSection(SolutionProperties) = preSolution
		HideSolutionNode = FALSE
	EndGlobalSection
	GlobalSection(ExtensibilityGlobals) = postSolution
		SolutionGuid = {1BC36EF0-0025-4517-9EDD-1C39E08BD08A}
	EndGlobalSection
EndGlobal
